
Microsoft Visual Studio Solution File, Format Version 12.00
# Visual Studio Version 16
VisualStudioVersion = 16.0.29209.62
MinimumVisualStudioVersion = 10.0.40219.1
Project("{FAE04EC0-301F-11D3-BF4B-00C04F79EFBC}") = "Client", "Client\Client.csproj", "{798389CF-4522-4700-A6F9-366E5C94079D}"
EndProject
Global
	GlobalSection(SolutionConfigurationPlatforms) = preSolution
		Debug|Any CPU = Debug|Any CPU
		Release|Any CPU = Release|Any CPU
	EndGlobalSection
	GlobalSection(ProjectConfigurationPlatforms) = postSolution
		{798389CF-4522-4700-A6F9-366E5C94079D}.Debug|Any CPU.ActiveCfg = Debug|Any CPU
		{798389CF-4522-4700-A6F9-366E5C94079D}.Debug|Any CPU.Build.0 = Debug|Any CPU
		{798389CF-4522-4700-A6F9-366E5C94079D}.Release|Any CPU.ActiveCfg = Release|Any CPU
		{798389CF-4522-4700-A6F9-366E5C94079D}.Release|Any CPU.Build.0 = Release|Any CPU
	EndGlobalSection
	GlobalSection(SolutionProperties) = preSolution
		HideSolutionNode = FALSE
	EndGlobalSection
	GlobalSection(ExtensibilityGlobals) = postSolution
		SolutionGuid = {2B2AF962-7FFB-4BFC-983E-376A65164F9C}
	EndGlobalSection
EndGlobal
